
Microsoft Visual Studio Solution File, Format Version 12.00
# Visual Studio Version 16
VisualStudioVersion = 16.0.29728.190
MinimumVisualStudioVersion = 10.0.40219.1
Project("{FAE04EC0-301F-11D3-BF4B-00C04F79EFBC}") = "Go-Fleet Web Service", "Go-Fleet Web Service\Go-Fleet Web Service.csproj", "{3264496C-7603-4F0C-9100-8E5C6F1DDBDF}"
EndProject
Global
	GlobalSection(SolutionConfigurationPlatforms) = preSolution
		Debug|Any CPU = Debug|Any CPU
		Release|Any CPU = Release|Any CPU
	EndGlobalSection
	GlobalSection(ProjectConfigurationPlatforms) = postSolution
		{3264496C-7603-4F0C-9100-8E5C6F1DDBDF}.Debug|Any CPU.ActiveCfg = Debug|Any CPU
		{3264496C-7603-4F0C-9100-8E5C6F1DDBDF}.Debug|Any CPU.Build.0 = Debug|Any CPU
		{3264496C-7603-4F0C-9100-8E5C6F1DDBDF}.Release|Any CPU.ActiveCfg = Release|Any CPU
		{3264496C-7603-4F0C-9100-8E5C6F1DDBDF}.Release|Any CPU.Build.0 = Release|Any CPU
	EndGlobalSection
	GlobalSection(SolutionProperties) = preSolution
		HideSolutionNode = FALSE
	EndGlobalSection
	GlobalSection(ExtensibilityGlobals) = postSolution
		SolutionGuid = {A527921B-FDA8-48E7-B846-F4CB250525CF}
	EndGlobalSection
EndGlobal
